<?xml version="1.0" encoding="utf-8"?>
<Project ToolsVersion="4.0" xmlns="http://schemas.microsoft.com/developer/msbuild/2003">
  <ItemGroup>
    <Filter Include="Gain">
      <UniqueIdentifier>{74693273-8858-4aee-85ba-6e031252f8d0}</UniqueIdentifier>
    </Filter>
    <Filter Include="Distortion">
      <UniqueIdentifier>{33eb4159-cd11-448a-a47e-142f40e7770d}</UniqueIdentifier>
    </Filter>
    <Filter Include="Bit Crusher">
      <UniqueIdentifier>{eaacf92c-f8c2-4a84-b96f-3cf1bb3e5161}</UniqueIdentifier>
    </Filter>
    <Filter Include="Noise">
      <UniqueIdentifier>{85219886-3fe8-4563-994f-15ae0ed1a89a}</UniqueIdentifier>
    </Filter>
    <Filter Include="FMOD Callback Interface">
      <UniqueIdentifier>{4fa8ea62-9600-4dce-9108-3b579fb29067}</UniqueIdentifier>
    </Filter>
    <Filter Include="Plugin">
      <UniqueIdentifier>{ac4b5e70-03c4-4e33-907e-fb153a8e4d9a}</UniqueIdentifier>
    </Filter>
  </ItemGroup>
  <ItemGroup>
    <ClInclude Include="BitCrusher\BitCrusher.hpp">
      <Filter>Bit Crusher</Filter>
    </ClInclude>
    <ClInclude Include="Distortion\Distortion.hpp">
      <Filter>Distortion</Filter>
    </ClInclude>
    <ClInclude Include="Gain\Gain.hpp">
      <Filter>Gain</Filter>
    </ClInclude>
    <ClInclude Include="Noise\Noise.hpp">
      <Filter>Noise</Filter>
    </ClInclude>
    <ClInclude Include="FMOD Callback Interface\FMOD_Callback_Interface.hpp">
      <Filter>FMOD Callback Interface</Filter>
    </ClInclude>
    <ClInclude Include="Plugin\Plugin.hpp">
      <Filter>Plugin</Filter>
    </ClInclude>
    <ClInclude Include="Plugin\PluginParams.hpp">
      <Filter>Plugin</Filter>
    </ClInclude>
    <ClInclude Include="..\..\sL_Libs\MathLib.h" />
    <ClInclude Include="Filter\Filter.hpp" />
  </ItemGroup>
  <ItemGroup>
    <ClCompile Include="BitCrusher\BitCrusher.cpp">
      <Filter>Bit Crusher</Filter>
    </ClCompile>
    <ClCompile Include="Distortion\Distortion.cpp">
      <Filter>Distortion</Filter>
    </ClCompile>
    <ClCompile Include="Gain\Gain.cpp">
      <Filter>Gain</Filter>
    </ClCompile>
    <ClCompile Include="Noise\Noise.cpp">
      <Filter>Noise</Filter>
    </ClCompile>
    <ClCompile Include="FMOD Callback Interface\FMOD_Callback_Interface.cpp">
      <Filter>FMOD Callback Interface</Filter>
    </ClCompile>
    <ClCompile Include="Plugin\Plugin.cpp">
      <Filter>Plugin</Filter>
    </ClCompile>
    <ClCompile Include="..\..\sL_Libs\MathLib.cpp" />
    <ClCompile Include="Filter\Filter.cpp" />
  </ItemGroup>
</Project>